
Microsoft Visual Studio Solution File, Format Version 12.00
# Visual Studio 15
VisualStudioVersion = 15.0.26430.16
MinimumVisualStudioVersion = 10.0.40219.1
Project("{FAE04EC0-301F-11D3-BF4B-00C04F79EFBC}") = "test_16", "test_16\test_16.csproj", "{0ABAF819-1DD4-4578-813E-A8F7B1C957AF}"
EndProject
Global
	GlobalSection(SolutionConfigurationPlatforms) = preSolution
		Debug|Any CPU = Debug|Any CPU
		Release|Any CPU = Release|Any CPU
	EndGlobalSection
	GlobalSection(ProjectConfigurationPlatforms) = postSolution
		{0ABAF819-1DD4-4578-813E-A8F7B1C957AF}.Debug|Any CPU.ActiveCfg = Debug|Any CPU
		{0ABAF819-1DD4-4578-813E-A8F7B1C957AF}.Debug|Any CPU.Build.0 = Debug|Any CPU
		{0ABAF819-1DD4-4578-813E-A8F7B1C957AF}.Release|Any CPU.ActiveCfg = Release|Any CPU
		{0ABAF819-1DD4-4578-813E-A8F7B1C957AF}.Release|Any CPU.Build.0 = Release|Any CPU
	EndGlobalSection
	GlobalSection(SolutionProperties) = preSolution
		HideSolutionNode = FALSE
	EndGlobalSection
EndGlobal
